
Microsoft Visual Studio Solution File, Format Version 12.00
# Visual Studio Version 17
VisualStudioVersion = 17.11.35312.102
MinimumVisualStudioVersion = 10.0.40219.1
Project("{FAE04EC0-301F-11D3-BF4B-00C04F79EFBC}") = "GadgetHub.Domain", "GadgetHub.Domain\GadgetHub.Domain.csproj", "{E0D75538-FDBF-42F3-9EBC-E7249E126DBC}"
EndProject
Project("{FAE04EC0-301F-11D3-BF4B-00C04F79EFBC}") = "GadgetHub.WebUI", "GadgetHub.WebUI\GadgetHub.WebUI.csproj", "{1A60091D-EEFF-47DA-B0D0-3F68ACE66D6F}"
EndProject
Global
	GlobalSection(SolutionConfigurationPlatforms) = preSolution
		Debug|Any CPU = Debug|Any CPU
		Release|Any CPU = Release|Any CPU
	EndGlobalSection
	GlobalSection(ProjectConfigurationPlatforms) = postSolution
		{E0D75538-FDBF-42F3-9EBC-E7249E126DBC}.Debug|Any CPU.ActiveCfg = Debug|Any CPU
		{E0D75538-FDBF-42F3-9EBC-E7249E126DBC}.Debug|Any CPU.Build.0 = Debug|Any CPU
		{E0D75538-FDBF-42F3-9EBC-E7249E126DBC}.Release|Any CPU.ActiveCfg = Release|Any CPU
		{E0D75538-FDBF-42F3-9EBC-E7249E126DBC}.Release|Any CPU.Build.0 = Release|Any CPU
		{1A60091D-EEFF-47DA-B0D0-3F68ACE66D6F}.Debug|Any CPU.ActiveCfg = Debug|Any CPU
		{1A60091D-EEFF-47DA-B0D0-3F68ACE66D6F}.Debug|Any CPU.Build.0 = Debug|Any CPU
		{1A60091D-EEFF-47DA-B0D0-3F68ACE66D6F}.Release|Any CPU.ActiveCfg = Release|Any CPU
		{1A60091D-EEFF-47DA-B0D0-3F68ACE66D6F}.Release|Any CPU.Build.0 = Release|Any CPU
	EndGlobalSection
	GlobalSection(SolutionProperties) = preSolution
		HideSolutionNode = FALSE
	EndGlobalSection
	GlobalSection(ExtensibilityGlobals) = postSolution
		SolutionGuid = {1A50612A-CEE5-4BFE-AE31-66A6871B73C9}
	EndGlobalSection
EndGlobal
